
Microsoft Visual Studio Solution File, Format Version 12.00
# Visual Studio 2013
VisualStudioVersion = 12.0.31101.0
MinimumVisualStudioVersion = 10.0.40219.1
Project("{FAE04EC0-301F-11D3-BF4B-00C04F79EFBC}") = "WCFServer", "WCFServer\WCFServer.csproj", "{4F43915C-BB0F-4E9D-8753-F36F7E021BAB}"
EndProject
Project("{FAE04EC0-301F-11D3-BF4B-00C04F79EFBC}") = "WCFSampleLib", "..\WCFSampleLib\WCFSampleLib.csproj", "{31728588-2CD8-488F-B8E8-39F0B5AB99F6}"
EndProject
Global
	GlobalSection(SolutionConfigurationPlatforms) = preSolution
		Debug|Any CPU = Debug|Any CPU
		Release|Any CPU = Release|Any CPU
	EndGlobalSection
	GlobalSection(ProjectConfigurationPlatforms) = postSolution
		{4F43915C-BB0F-4E9D-8753-F36F7E021BAB}.Debug|Any CPU.ActiveCfg = Debug|Any CPU
		{4F43915C-BB0F-4E9D-8753-F36F7E021BAB}.Debug|Any CPU.Build.0 = Debug|Any CPU
		{4F43915C-BB0F-4E9D-8753-F36F7E021BAB}.Release|Any CPU.ActiveCfg = Release|Any CPU
		{4F43915C-BB0F-4E9D-8753-F36F7E021BAB}.Release|Any CPU.Build.0 = Release|Any CPU
		{31728588-2CD8-488F-B8E8-39F0B5AB99F6}.Debug|Any CPU.ActiveCfg = Debug|Any CPU
		{31728588-2CD8-488F-B8E8-39F0B5AB99F6}.Debug|Any CPU.Build.0 = Debug|Any CPU
		{31728588-2CD8-488F-B8E8-39F0B5AB99F6}.Release|Any CPU.ActiveCfg = Release|Any CPU
		{31728588-2CD8-488F-B8E8-39F0B5AB99F6}.Release|Any CPU.Build.0 = Release|Any CPU
	EndGlobalSection
	GlobalSection(SolutionProperties) = preSolution
		HideSolutionNode = FALSE
	EndGlobalSection
EndGlobal
